
Microsoft Visual Studio Solution File, Format Version 12.00
# Visual Studio Version 17
VisualStudioVersion = 17.7.34031.279
MinimumVisualStudioVersion = 10.0.40219.1
Project("{FAE04EC0-301F-11D3-BF4B-00C04F79EFBC}") = "SDH_MVCDotNetCore.MvcApp", "SDH_MVCDotNetCore.MvcApp\SDH_MVCDotNetCore.MvcApp.csproj", "{194276DC-FD3E-4AD1-BF9B-2EB369330AEC}"
EndProject
Global
	GlobalSection(SolutionConfigurationPlatforms) = preSolution
		Debug|Any CPU = Debug|Any CPU
		Release|Any CPU = Release|Any CPU
	EndGlobalSection
	GlobalSection(ProjectConfigurationPlatforms) = postSolution
		{194276DC-FD3E-4AD1-BF9B-2EB369330AEC}.Debug|Any CPU.ActiveCfg = Debug|Any CPU
		{194276DC-FD3E-4AD1-BF9B-2EB369330AEC}.Debug|Any CPU.Build.0 = Debug|Any CPU
		{194276DC-FD3E-4AD1-BF9B-2EB369330AEC}.Release|Any CPU.ActiveCfg = Release|Any CPU
		{194276DC-FD3E-4AD1-BF9B-2EB369330AEC}.Release|Any CPU.Build.0 = Release|Any CPU
	EndGlobalSection
	GlobalSection(SolutionProperties) = preSolution
		HideSolutionNode = FALSE
	EndGlobalSection
	GlobalSection(ExtensibilityGlobals) = postSolution
		SolutionGuid = {4F849A23-93E0-444A-B3AE-FE4D9A3A9370}
	EndGlobalSection
EndGlobal
